{
  "name": "froala-v4-vue-demo",
  "version": "1.0.0",
  "lockfileVersion": 1,
  "requires": true,
  "dependencies": {
    "@babel/runtime-corejs2": {
      "version": "7.14.0",
      "resolved": "https://registry.npmjs.org/@babel/runtime-corejs2/-/runtime-corejs2-7.14.0.tgz",
      "integrity": "sha512-btR4E8JiGlmmDI5YgirlG9z3T91rBdxnVh2YuEStrHDcekffaaIeK+CE0S4IaYUyYhMa7rFDfF2GEO79XNbLEA==",
      "requires": {
        "core-js": "^2.6.5",
        "regenerator-runtime": "^0.13.4"
      }
    },
    "babel-runtime": {
      "version": "6.26.0",
      "resolved": "https://registry.npmjs.org/babel-runtime/-/babel-runtime-6.26.0.tgz",
      "integrity": "sha1-llxwWGaOgrVde/4E/yM3vItWR/4=",
      "requires": {
        "core-js": "^2.4.0",
        "regenerator-runtime": "^0.11.0"
      },
      "dependencies": {
        "regenerator-runtime": {
          "version": "0.11.1",
          "resolved": "https://registry.npmjs.org/regenerator-runtime/-/regenerator-runtime-0.11.1.tgz",
          "integrity": "sha512-MguG95oij0fC3QV3URf4V2SDYGJhJnJGqvIIgdECeODCT98wSWDAJ94SSuVpYQUoTcGUIL6L4yNB7j1DFFHSBg=="
        }
      }
    },
    "core-js": {
      "version": "2.6.12",
      "resolved": "https://registry.npmjs.org/core-js/-/core-js-2.6.12.tgz",
      "integrity": "sha512-Kb2wC0fvsWfQrgk8HU5lW6U/Lcs8+9aaYcy4ZFc6DDlo4nZ7n70dEgE5rtR0oG6ufKDUnrwfWL1mXR5ljDatrQ=="
    },
    "froala-editor": {
      "version": "4.0.0",
      "resolved": "https://registry.npmjs.org/froala-editor/-/froala-editor-4.0.0.tgz",
      "integrity": "sha512-9GWCAmjXPjP3/RkKcb3j633UWOGxT2CgQ6HlFNoM/N+gAfJdQYDsKOswR1Q6DKM9VMsAzRFi3lvVdnjr+aClzA=="
    },
    "regenerator-runtime": {
      "version": "0.13.7",
      "resolved": "https://registry.npmjs.org/regenerator-runtime/-/regenerator-runtime-0.13.7.tgz",
      "integrity": "sha512-a54FxoJDIr27pgf7IgeQGxmqUNYrcV338lf/6gH456HZ/PhX+5BcwHXG9ajESmwe6WRO0tAzRUrRmNONWgkrew=="
    },
    "vue": {
      "version": "2.6.6",
      "resolved": "https://registry.npmjs.org/vue/-/vue-2.6.6.tgz",
      "integrity": "sha512-Y2DdOZD8sxApS+iUlwv1v8U1qN41kq6Kw45lM6nVZKhygeWA49q7VCCXkjXqeDBXgurrKWkYQ9cJeEJwAq0b9Q=="
    },
    "vue-froala-wysiwyg": {
      "version": "4.0.0",
      "resolved": "https://registry.npmjs.org/vue-froala-wysiwyg/-/vue-froala-wysiwyg-4.0.0.tgz",
      "integrity": "sha512-N5EeWIzbFe4xglvnDTmy/HkIyS+BMiosCFL4FXqzZUAUsiZd5CZH4CLbpt6fDePTL92OpxU+XuN6j2lQzJTt6g==",
      "requires": {
        "@babel/runtime-corejs2": "^7.7.7",
        "babel-runtime": "^6.26.0",
        "froala-editor": "^4.0.0",
        "vue": "2.6.6"
      }
    }
  }
}
